
Microsoft Visual Studio Solution File, Format Version 12.00
# Visual Studio Version 17
VisualStudioVersion = 17.5.33424.131
MinimumVisualStudioVersion = 10.0.40219.1
Project("{FAE04EC0-301F-11D3-BF4B-00C04F79EFBC}") = "3d-print", "3d-print\3d-print.csproj", "{D673961E-FF88-436B-9F1D-33DF3EED55C0}"
EndProject
Project("{FAE04EC0-301F-11D3-BF4B-00C04F79EFBC}") = "WindowsFormsApp1", "WindowsFormsApp1\WindowsFormsApp1.csproj", "{1F01792E-8658-4CE4-A1B7-5BCF207D9F50}"
	ProjectSection(ProjectDependencies) = postProject
		{D673961E-FF88-436B-9F1D-33DF3EED55C0} = {D673961E-FF88-436B-9F1D-33DF3EED55C0}
	EndProjectSection
EndProject
Global
	GlobalSection(SolutionConfigurationPlatforms) = preSolution
		Debug|Any CPU = Debug|Any CPU
		Release|Any CPU = Release|Any CPU
	EndGlobalSection
	GlobalSection(ProjectConfigurationPlatforms) = postSolution
		{D673961E-FF88-436B-9F1D-33DF3EED55C0}.Debug|Any CPU.ActiveCfg = Debug|Any CPU
		{D673961E-FF88-436B-9F1D-33DF3EED55C0}.Debug|Any CPU.Build.0 = Debug|Any CPU
		{D673961E-FF88-436B-9F1D-33DF3EED55C0}.Release|Any CPU.ActiveCfg = Release|Any CPU
		{D673961E-FF88-436B-9F1D-33DF3EED55C0}.Release|Any CPU.Build.0 = Release|Any CPU
		{1F01792E-8658-4CE4-A1B7-5BCF207D9F50}.Debug|Any CPU.ActiveCfg = Debug|Any CPU
		{1F01792E-8658-4CE4-A1B7-5BCF207D9F50}.Debug|Any CPU.Build.0 = Debug|Any CPU
		{1F01792E-8658-4CE4-A1B7-5BCF207D9F50}.Release|Any CPU.ActiveCfg = Release|Any CPU
		{1F01792E-8658-4CE4-A1B7-5BCF207D9F50}.Release|Any CPU.Build.0 = Release|Any CPU
	EndGlobalSection
	GlobalSection(SolutionProperties) = preSolution
		HideSolutionNode = FALSE
	EndGlobalSection
	GlobalSection(ExtensibilityGlobals) = postSolution
		SolutionGuid = {AC0F5843-7670-47D0-8635-4989469DC336}
	EndGlobalSection
EndGlobal
